
Microsoft Visual Studio Solution File, Format Version 12.00
# Visual Studio Version 17
VisualStudioVersion = 17.11.35327.3
MinimumVisualStudioVersion = 10.0.40219.1
Project("{9A19103F-16F7-4668-BE54-9A1E7A4F7556}") = "ChallengeApp2024", "ChallengeApp2024\ChallengeApp2024.csproj", "{752B3259-8459-4E28-9C88-BE6B3BDD3593}"
EndProject
Project("{FAE04EC0-301F-11D3-BF4B-00C04F79EFBC}") = "ChallengeApp2024.Tests", "ChallengeApp2024.Tests\ChallengeApp2024.Tests.csproj", "{9215E7E2-AC9D-480F-811D-A766CAA4B871}"
EndProject
Global
	GlobalSection(SolutionConfigurationPlatforms) = preSolution
		Debug|Any CPU = Debug|Any CPU
		Release|Any CPU = Release|Any CPU
	EndGlobalSection
	GlobalSection(ProjectConfigurationPlatforms) = postSolution
		{752B3259-8459-4E28-9C88-BE6B3BDD3593}.Debug|Any CPU.ActiveCfg = Debug|Any CPU
		{752B3259-8459-4E28-9C88-BE6B3BDD3593}.Debug|Any CPU.Build.0 = Debug|Any CPU
		{752B3259-8459-4E28-9C88-BE6B3BDD3593}.Release|Any CPU.ActiveCfg = Release|Any CPU
		{752B3259-8459-4E28-9C88-BE6B3BDD3593}.Release|Any CPU.Build.0 = Release|Any CPU
		{9215E7E2-AC9D-480F-811D-A766CAA4B871}.Debug|Any CPU.ActiveCfg = Debug|Any CPU
		{9215E7E2-AC9D-480F-811D-A766CAA4B871}.Debug|Any CPU.Build.0 = Debug|Any CPU
		{9215E7E2-AC9D-480F-811D-A766CAA4B871}.Release|Any CPU.ActiveCfg = Release|Any CPU
		{9215E7E2-AC9D-480F-811D-A766CAA4B871}.Release|Any CPU.Build.0 = Release|Any CPU
	EndGlobalSection
	GlobalSection(SolutionProperties) = preSolution
		HideSolutionNode = FALSE
	EndGlobalSection
	GlobalSection(ExtensibilityGlobals) = postSolution
		SolutionGuid = {5ED1C883-D34B-4706-B456-619399888FE3}
	EndGlobalSection
EndGlobal
